// !$*UTF8*$!
{
	archiveVersion = 1;
	classes = {
	};
	objectVersion = 50;
	objects = {

/* Begin PBXBuildFile section */
		3D8FC8CD6848CD11FC38C790 /* Pods_nongchung_iOS.framework in Frameworks */ = {isa = PBXBuildFile; fileRef = E15ECCE609D89927B7FDAA84 /* Pods_nongchung_iOS.framework */; };
		4C0EA55720E86CF900CB70ED /* AppDelegate.swift in Sources */ = {isa = PBXBuildFile; fileRef = 4C0EA55620E86CF900CB70ED /* AppDelegate.swift */; };
		4C0EA55C20E86CF900CB70ED /* Main.storyboard in Resources */ = {isa = PBXBuildFile; fileRef = 4C0EA55A20E86CF900CB70ED /* Main.storyboard */; };
		4C0EA55F20E86CF900CB70ED /* nongchung_iOS.xcdatamodeld in Sources */ = {isa = PBXBuildFile; fileRef = 4C0EA55D20E86CF900CB70ED /* nongchung_iOS.xcdatamodeld */; };
		4C0EA56120E86CFB00CB70ED /* Assets.xcassets in Resources */ = {isa = PBXBuildFile; fileRef = 4C0EA56020E86CFB00CB70ED /* Assets.xcassets */; };
		4C0EA56420E86CFB00CB70ED /* LaunchScreen.storyboard in Resources */ = {isa = PBXBuildFile; fileRef = 4C0EA56220E86CFB00CB70ED /* LaunchScreen.storyboard */; };
		4C0EA56F20E86CFB00CB70ED /* nongchung_iOSTests.swift in Sources */ = {isa = PBXBuildFile; fileRef = 4C0EA56E20E86CFB00CB70ED /* nongchung_iOSTests.swift */; };
		4C0EA57A20E86CFB00CB70ED /* nongchung_iOSUITests.swift in Sources */ = {isa = PBXBuildFile; fileRef = 4C0EA57920E86CFB00CB70ED /* nongchung_iOSUITests.swift */; };
		4C0EA58D20E86EAA00CB70ED /* NetworkCallback.swift in Sources */ = {isa = PBXBuildFile; fileRef = 4C0EA58C20E86EAA00CB70ED /* NetworkCallback.swift */; };
		4C0EA58F20E86EBF00CB70ED /* NetworkModel.swift in Sources */ = {isa = PBXBuildFile; fileRef = 4C0EA58E20E86EBF00CB70ED /* NetworkModel.swift */; };
		4C0EA59120E86F2D00CB70ED /* Login.storyboard in Resources */ = {isa = PBXBuildFile; fileRef = 4C0EA59020E86F2D00CB70ED /* Login.storyboard */; };
		4C0EA59420E86FA300CB70ED /* LoginVC.swift in Sources */ = {isa = PBXBuildFile; fileRef = 4C0EA59320E86FA300CB70ED /* LoginVC.swift */; };
		4C0EA59620E8714C00CB70ED /* Extension.swift in Sources */ = {isa = PBXBuildFile; fileRef = 4C0EA59520E8714C00CB70ED /* Extension.swift */; };
		4C0EA59E20E873E800CB70ED /* LoginVO.swift in Sources */ = {isa = PBXBuildFile; fileRef = 4C0EA59D20E873E800CB70ED /* LoginVO.swift */; };
		4C0EA5A120E8799600CB70ED /* JoinVC.swift in Sources */ = {isa = PBXBuildFile; fileRef = 4C0EA5A020E8799600CB70ED /* JoinVC.swift */; };
		4C98B4B120EA1F180038866E /* JoinVC2.swift in Sources */ = {isa = PBXBuildFile; fileRef = 4C98B4B020EA1F180038866E /* JoinVC2.swift */; };
		4C98B4B520EA1F370038866E /* JoinModel.swift in Sources */ = {isa = PBXBuildFile; fileRef = 4C98B4B220EA1F370038866E /* JoinModel.swift */; };
		4C98B4B920EA1F940038866E /* DuplicateVO.swift in Sources */ = {isa = PBXBuildFile; fileRef = 4C98B4B820EA1F930038866E /* DuplicateVO.swift */; };
		4C98B4C020EA29550038866E /* TabBarController.swift in Sources */ = {isa = PBXBuildFile; fileRef = 4C98B4BF20EA29550038866E /* TabBarController.swift */; };
		4C98B4C320EA323E0038866E /* SearchViewController.swift in Sources */ = {isa = PBXBuildFile; fileRef = 4C98B4C220EA323E0038866E /* SearchViewController.swift */; };
		4C98B4D220EA45F30038866E /* AdCollectionViewCell.swift in Sources */ = {isa = PBXBuildFile; fileRef = 4C98B4C720EA45F20038866E /* AdCollectionViewCell.swift */; };
		4C98B4D320EA45F30038866E /* ThemeCollectionViewCell.swift in Sources */ = {isa = PBXBuildFile; fileRef = 4C98B4C820EA45F20038866E /* ThemeCollectionViewCell.swift */; };
		4C98B4D420EA45F30038866E /* PopFarmCollectionViewCell.swift in Sources */ = {isa = PBXBuildFile; fileRef = 4C98B4C920EA45F20038866E /* PopFarmCollectionViewCell.swift */; };
		4C98B4D520EA45F30038866E /* NewCollectionViewCell.swift in Sources */ = {isa = PBXBuildFile; fileRef = 4C98B4CA20EA45F20038866E /* NewCollectionViewCell.swift */; };
		4C98B4D620EA45F30038866E /* PopularListCollectionViewCell.swift in Sources */ = {isa = PBXBuildFile; fileRef = 4C98B4CB20EA45F20038866E /* PopularListCollectionViewCell.swift */; };
		4C98B4D720EA45F30038866E /* PopularListTableViewCell.swift in Sources */ = {isa = PBXBuildFile; fileRef = 4C98B4CD20EA45F20038866E /* PopularListTableViewCell.swift */; };
		4C98B4D820EA45F30038866E /* ThemeTableViewCell.swift in Sources */ = {isa = PBXBuildFile; fileRef = 4C98B4CE20EA45F20038866E /* ThemeTableViewCell.swift */; };
		4C98B4D920EA45F30038866E /* PopFarmTableViewCell.swift in Sources */ = {isa = PBXBuildFile; fileRef = 4C98B4CF20EA45F20038866E /* PopFarmTableViewCell.swift */; };
		4C98B4DA20EA45F30038866E /* NewTableViewCell.swift in Sources */ = {isa = PBXBuildFile; fileRef = 4C98B4D020EA45F20038866E /* NewTableViewCell.swift */; };
		4C98B4DB20EA45F30038866E /* AdTableViewCell.swift in Sources */ = {isa = PBXBuildFile; fileRef = 4C98B4D120EA45F20038866E /* AdTableViewCell.swift */; };
		B698B3B3D3A6657655ACEC08 /* Pods_nongchung_iOSTests.framework in Frameworks */ = {isa = PBXBuildFile; fileRef = 3DE6756A3BEE07570D35D072 /* Pods_nongchung_iOSTests.framework */; };
		BA43D3C020E8887700786D4E /* LoginModel.swift in Sources */ = {isa = PBXBuildFile; fileRef = BA43D3BF20E8887700786D4E /* LoginModel.swift */; };
		BA43D3C220E8891400786D4E /* MainData.swift in Sources */ = {isa = PBXBuildFile; fileRef = BA43D3C120E8891400786D4E /* MainData.swift */; };
		BA43D3C420E889F800786D4E /* MainAds.swift in Sources */ = {isa = PBXBuildFile; fileRef = BA43D3C320E889F800786D4E /* MainAds.swift */; };
		BA43D3C620E88A3500786D4E /* Main.swift in Sources */ = {isa = PBXBuildFile; fileRef = BA43D3C520E88A3500786D4E /* Main.swift */; };
		BA43D3CA20E88C5700786D4E /* MainService.swift in Sources */ = {isa = PBXBuildFile; fileRef = BA43D3C920E88C5700786D4E /* MainService.swift */; };
		BA43D3CD20E88C8900786D4E /* APIService.swift in Sources */ = {isa = PBXBuildFile; fileRef = BA43D3CC20E88C8900786D4E /* APIService.swift */; };
		BA84841920E904B800BC706E /* MainViewController.swift in Sources */ = {isa = PBXBuildFile; fileRef = BA84841820E904B800BC706E /* MainViewController.swift */; };
		BDBAF5A81C63D7D2A1D444F7 /* Pods_nongchung_iOSUITests.framework in Frameworks */ = {isa = PBXBuildFile; fileRef = 4FEA88DF39A4473E578321B5 /* Pods_nongchung_iOSUITests.framework */; };
/* End PBXBuildFile section */

/* Begin PBXContainerItemProxy section */
		4C0EA56B20E86CFB00CB70ED /* PBXContainerItemProxy */ = {
			isa = PBXContainerItemProxy;
			containerPortal = 4C0EA54B20E86CF900CB70ED /* Project object */;
			proxyType = 1;
			remoteGlobalIDString = 4C0EA55220E86CF900CB70ED;
			remoteInfo = nongchung_iOS;
		};
		4C0EA57620E86CFB00CB70ED /* PBXContainerItemProxy */ = {
			isa = PBXContainerItemProxy;
			containerPortal = 4C0EA54B20E86CF900CB70ED /* Project object */;
			proxyType = 1;
			remoteGlobalIDString = 4C0EA55220E86CF900CB70ED;
			remoteInfo = nongchung_iOS;
		};
/* End PBXContainerItemProxy section */

/* Begin PBXFileReference section */
		12FFCED4A923AECB29D0539F /* Pods-nongchung_iOSUITests.debug.xcconfig */ = {isa = PBXFileReference; includeInIndex = 1; lastKnownFileType = text.xcconfig; name = "Pods-nongchung_iOSUITests.debug.xcconfig"; path = "Pods/Target Support Files/Pods-nongchung_iOSUITests/Pods-nongchung_iOSUITests.debug.xcconfig"; sourceTree = "<group>"; };
		3DE6756A3BEE07570D35D072 /* Pods_nongchung_iOSTests.framework */ = {isa = PBXFileReference; explicitFileType = wrapper.framework; includeInIndex = 0; path = Pods_nongchung_iOSTests.framework; sourceTree = BUILT_PRODUCTS_DIR; };
		4C0EA55320E86CF900CB70ED /* nongchung_iOS.app */ = {isa = PBXFileReference; explicitFileType = wrapper.application; includeInIndex = 0; path = nongchung_iOS.app; sourceTree = BUILT_PRODUCTS_DIR; };
		4C0EA55620E86CF900CB70ED /* AppDelegate.swift */ = {isa = PBXFileReference; lastKnownFileType = sourcecode.swift; path = AppDelegate.swift; sourceTree = "<group>"; };
		4C0EA55B20E86CF900CB70ED /* Base */ = {isa = PBXFileReference; lastKnownFileType = file.storyboard; name = Base; path = Base.lproj/Main.storyboard; sourceTree = "<group>"; };
		4C0EA55E20E86CF900CB70ED /* nongchung_iOS.xcdatamodel */ = {isa = PBXFileReference; lastKnownFileType = wrapper.xcdatamodel; path = nongchung_iOS.xcdatamodel; sourceTree = "<group>"; };
		4C0EA56020E86CFB00CB70ED /* Assets.xcassets */ = {isa = PBXFileReference; lastKnownFileType = folder.assetcatalog; path = Assets.xcassets; sourceTree = "<group>"; };
		4C0EA56320E86CFB00CB70ED /* Base */ = {isa = PBXFileReference; lastKnownFileType = file.storyboard; name = Base; path = Base.lproj/LaunchScreen.storyboard; sourceTree = "<group>"; };
		4C0EA56520E86CFB00CB70ED /* Info.plist */ = {isa = PBXFileReference; lastKnownFileType = text.plist.xml; path = Info.plist; sourceTree = "<group>"; };
		4C0EA56A20E86CFB00CB70ED /* nongchung_iOSTests.xctest */ = {isa = PBXFileReference; explicitFileType = wrapper.cfbundle; includeInIndex = 0; path = nongchung_iOSTests.xctest; sourceTree = BUILT_PRODUCTS_DIR; };
		4C0EA56E20E86CFB00CB70ED /* nongchung_iOSTests.swift */ = {isa = PBXFileReference; lastKnownFileType = sourcecode.swift; path = nongchung_iOSTests.swift; sourceTree = "<group>"; };
		4C0EA57020E86CFB00CB70ED /* Info.plist */ = {isa = PBXFileReference; lastKnownFileType = text.plist.xml; path = Info.plist; sourceTree = "<group>"; };
		4C0EA57520E86CFB00CB70ED /* nongchung_iOSUITests.xctest */ = {isa = PBXFileReference; explicitFileType = wrapper.cfbundle; includeInIndex = 0; path = nongchung_iOSUITests.xctest; sourceTree = BUILT_PRODUCTS_DIR; };
		4C0EA57920E86CFB00CB70ED /* nongchung_iOSUITests.swift */ = {isa = PBXFileReference; lastKnownFileType = sourcecode.swift; path = nongchung_iOSUITests.swift; sourceTree = "<group>"; };
		4C0EA57B20E86CFB00CB70ED /* Info.plist */ = {isa = PBXFileReference; lastKnownFileType = text.plist.xml; path = Info.plist; sourceTree = "<group>"; };
		4C0EA58C20E86EAA00CB70ED /* NetworkCallback.swift */ = {isa = PBXFileReference; lastKnownFileType = sourcecode.swift; path = NetworkCallback.swift; sourceTree = "<group>"; };
		4C0EA58E20E86EBF00CB70ED /* NetworkModel.swift */ = {isa = PBXFileReference; lastKnownFileType = sourcecode.swift; path = NetworkModel.swift; sourceTree = "<group>"; };
		4C0EA59020E86F2D00CB70ED /* Login.storyboard */ = {isa = PBXFileReference; lastKnownFileType = file.storyboard; path = Login.storyboard; sourceTree = "<group>"; };
		4C0EA59320E86FA300CB70ED /* LoginVC.swift */ = {isa = PBXFileReference; lastKnownFileType = sourcecode.swift; path = LoginVC.swift; sourceTree = "<group>"; };
		4C0EA59520E8714C00CB70ED /* Extension.swift */ = {isa = PBXFileReference; lastKnownFileType = sourcecode.swift; path = Extension.swift; sourceTree = "<group>"; };
		4C0EA59D20E873E800CB70ED /* LoginVO.swift */ = {isa = PBXFileReference; lastKnownFileType = sourcecode.swift; path = LoginVO.swift; sourceTree = "<group>"; };
		4C0EA5A020E8799600CB70ED /* JoinVC.swift */ = {isa = PBXFileReference; lastKnownFileType = sourcecode.swift; path = JoinVC.swift; sourceTree = "<group>"; };
		4C98B4B020EA1F180038866E /* JoinVC2.swift */ = {isa = PBXFileReference; fileEncoding = 4; lastKnownFileType = sourcecode.swift; path = JoinVC2.swift; sourceTree = "<group>"; };
		4C98B4B220EA1F370038866E /* JoinModel.swift */ = {isa = PBXFileReference; fileEncoding = 4; lastKnownFileType = sourcecode.swift; name = JoinModel.swift; path = nongchung_iOS/Model/JoinModel.swift; sourceTree = SOURCE_ROOT; };
		4C98B4B820EA1F930038866E /* DuplicateVO.swift */ = {isa = PBXFileReference; fileEncoding = 4; lastKnownFileType = sourcecode.swift; path = DuplicateVO.swift; sourceTree = "<group>"; };
		4C98B4BF20EA29550038866E /* TabBarController.swift */ = {isa = PBXFileReference; lastKnownFileType = sourcecode.swift; path = TabBarController.swift; sourceTree = "<group>"; };
		4C98B4C220EA323E0038866E /* SearchViewController.swift */ = {isa = PBXFileReference; lastKnownFileType = sourcecode.swift; path = SearchViewController.swift; sourceTree = "<group>"; };
		4C98B4C720EA45F20038866E /* AdCollectionViewCell.swift */ = {isa = PBXFileReference; fileEncoding = 4; lastKnownFileType = sourcecode.swift; path = AdCollectionViewCell.swift; sourceTree = "<group>"; };
		4C98B4C820EA45F20038866E /* ThemeCollectionViewCell.swift */ = {isa = PBXFileReference; fileEncoding = 4; lastKnownFileType = sourcecode.swift; path = ThemeCollectionViewCell.swift; sourceTree = "<group>"; };
		4C98B4C920EA45F20038866E /* PopFarmCollectionViewCell.swift */ = {isa = PBXFileReference; fileEncoding = 4; lastKnownFileType = sourcecode.swift; path = PopFarmCollectionViewCell.swift; sourceTree = "<group>"; };
		4C98B4CA20EA45F20038866E /* NewCollectionViewCell.swift */ = {isa = PBXFileReference; fileEncoding = 4; lastKnownFileType = sourcecode.swift; path = NewCollectionViewCell.swift; sourceTree = "<group>"; };
		4C98B4CB20EA45F20038866E /* PopularListCollectionViewCell.swift */ = {isa = PBXFileReference; fileEncoding = 4; lastKnownFileType = sourcecode.swift; path = PopularListCollectionViewCell.swift; sourceTree = "<group>"; };
		4C98B4CD20EA45F20038866E /* PopularListTableViewCell.swift */ = {isa = PBXFileReference; fileEncoding = 4; lastKnownFileType = sourcecode.swift; path = PopularListTableViewCell.swift; sourceTree = "<group>"; };
		4C98B4CE20EA45F20038866E /* ThemeTableViewCell.swift */ = {isa = PBXFileReference; fileEncoding = 4; lastKnownFileType = sourcecode.swift; path = ThemeTableViewCell.swift; sourceTree = "<group>"; };
		4C98B4CF20EA45F20038866E /* PopFarmTableViewCell.swift */ = {isa = PBXFileReference; fileEncoding = 4; lastKnownFileType = sourcecode.swift; path = PopFarmTableViewCell.swift; sourceTree = "<group>"; };
		4C98B4D020EA45F20038866E /* NewTableViewCell.swift */ = {isa = PBXFileReference; fileEncoding = 4; lastKnownFileType = sourcecode.swift; path = NewTableViewCell.swift; sourceTree = "<group>"; };
		4C98B4D120EA45F20038866E /* AdTableViewCell.swift */ = {isa = PBXFileReference; fileEncoding = 4; lastKnownFileType = sourcecode.swift; path = AdTableViewCell.swift; sourceTree = "<group>"; };
		4FEA88DF39A4473E578321B5 /* Pods_nongchung_iOSUITests.framework */ = {isa = PBXFileReference; explicitFileType = wrapper.framework; includeInIndex = 0; path = Pods_nongchung_iOSUITests.framework; sourceTree = BUILT_PRODUCTS_DIR; };
		703D2453D691E76992FDE4D9 /* Pods-nongchung_iOSTests.release.xcconfig */ = {isa = PBXFileReference; includeInIndex = 1; lastKnownFileType = text.xcconfig; name = "Pods-nongchung_iOSTests.release.xcconfig"; path = "Pods/Target Support Files/Pods-nongchung_iOSTests/Pods-nongchung_iOSTests.release.xcconfig"; sourceTree = "<group>"; };
		8EC82056829108DFFEB305CA /* Pods-nongchung_iOS.release.xcconfig */ = {isa = PBXFileReference; includeInIndex = 1; lastKnownFileType = text.xcconfig; name = "Pods-nongchung_iOS.release.xcconfig"; path = "Pods/Target Support Files/Pods-nongchung_iOS/Pods-nongchung_iOS.release.xcconfig"; sourceTree = "<group>"; };
		AFDB1874698645CEEEDF8383 /* Pods-nongchung_iOSTests.debug.xcconfig */ = {isa = PBXFileReference; includeInIndex = 1; lastKnownFileType = text.xcconfig; name = "Pods-nongchung_iOSTests.debug.xcconfig"; path = "Pods/Target Support Files/Pods-nongchung_iOSTests/Pods-nongchung_iOSTests.debug.xcconfig"; sourceTree = "<group>"; };
		B7A35EBADD9F3D422CA302FC /* Pods-nongchung_iOS.debug.xcconfig */ = {isa = PBXFileReference; includeInIndex = 1; lastKnownFileType = text.xcconfig; name = "Pods-nongchung_iOS.debug.xcconfig"; path = "Pods/Target Support Files/Pods-nongchung_iOS/Pods-nongchung_iOS.debug.xcconfig"; sourceTree = "<group>"; };
		BA43D3BF20E8887700786D4E /* LoginModel.swift */ = {isa = PBXFileReference; lastKnownFileType = sourcecode.swift; path = LoginModel.swift; sourceTree = "<group>"; };
		BA43D3C120E8891400786D4E /* MainData.swift */ = {isa = PBXFileReference; lastKnownFileType = sourcecode.swift; path = MainData.swift; sourceTree = "<group>"; };
		BA43D3C320E889F800786D4E /* MainAds.swift */ = {isa = PBXFileReference; lastKnownFileType = sourcecode.swift; path = MainAds.swift; sourceTree = "<group>"; };
		BA43D3C520E88A3500786D4E /* Main.swift */ = {isa = PBXFileReference; lastKnownFileType = sourcecode.swift; path = Main.swift; sourceTree = "<group>"; };
		BA43D3C920E88C5700786D4E /* MainService.swift */ = {isa = PBXFileReference; lastKnownFileType = sourcecode.swift; path = MainService.swift; sourceTree = "<group>"; };
		BA43D3CC20E88C8900786D4E /* APIService.swift */ = {isa = PBXFileReference; lastKnownFileType = sourcecode.swift; path = APIService.swift; sourceTree = "<group>"; };
		BA84841820E904B800BC706E /* MainViewController.swift */ = {isa = PBXFileReference; lastKnownFileType = sourcecode.swift; path = MainViewController.swift; sourceTree = "<group>"; };
		E15ECCE609D89927B7FDAA84 /* Pods_nongchung_iOS.framework */ = {isa = PBXFileReference; explicitFileType = wrapper.framework; includeInIndex = 0; path = Pods_nongchung_iOS.framework; sourceTree = BUILT_PRODUCTS_DIR; };
		F8DA959C4CA0C40CBF0705E0 /* Pods-nongchung_iOSUITests.release.xcconfig */ = {isa = PBXFileReference; includeInIndex = 1; lastKnownFileType = text.xcconfig; name = "Pods-nongchung_iOSUITests.release.xcconfig"; path = "Pods/Target Support Files/Pods-nongchung_iOSUITests/Pods-nongchung_iOSUITests.release.xcconfig"; sourceTree = "<group>"; };
/* End PBXFileReference section */

/* Begin PBXFrameworksBuildPhase section */
		4C0EA55020E86CF900CB70ED /* Frameworks */ = {
			isa = PBXFrameworksBuildPhase;
			buildActionMask = 2147483647;
			files = (
				3D8FC8CD6848CD11FC38C790 /* Pods_nongchung_iOS.framework in Frameworks */,
			);
			runOnlyForDeploymentPostprocessing = 0;
		};
		4C0EA56720E86CFB00CB70ED /* Frameworks */ = {
			isa = PBXFrameworksBuildPhase;
			buildActionMask = 2147483647;
			files = (
				B698B3B3D3A6657655ACEC08 /* Pods_nongchung_iOSTests.framework in Frameworks */,
			);
			runOnlyForDeploymentPostprocessing = 0;
		};
		4C0EA57220E86CFB00CB70ED /* Frameworks */ = {
			isa = PBXFrameworksBuildPhase;
			buildActionMask = 2147483647;
			files = (
				BDBAF5A81C63D7D2A1D444F7 /* Pods_nongchung_iOSUITests.framework in Frameworks */,
			);
			runOnlyForDeploymentPostprocessing = 0;
		};
/* End PBXFrameworksBuildPhase section */

/* Begin PBXGroup section */
		1136FF7550F2189DD1EE7191 /* Frameworks */ = {
			isa = PBXGroup;
			children = (
				E15ECCE609D89927B7FDAA84 /* Pods_nongchung_iOS.framework */,
				3DE6756A3BEE07570D35D072 /* Pods_nongchung_iOSTests.framework */,
				4FEA88DF39A4473E578321B5 /* Pods_nongchung_iOSUITests.framework */,
			);
			name = Frameworks;
			sourceTree = "<group>";
		};
		4C0EA54A20E86CF900CB70ED = {
			isa = PBXGroup;
			children = (
				4C0EA55520E86CF900CB70ED /* nongchung_iOS */,
				4C0EA56D20E86CFB00CB70ED /* nongchung_iOSTests */,
				4C0EA57820E86CFB00CB70ED /* nongchung_iOSUITests */,
				4C0EA55420E86CF900CB70ED /* Products */,
				DD771848812C4538A059763D /* Pods */,
				1136FF7550F2189DD1EE7191 /* Frameworks */,
			);
			sourceTree = "<group>";
		};
		4C0EA55420E86CF900CB70ED /* Products */ = {
			isa = PBXGroup;
			children = (
				4C0EA55320E86CF900CB70ED /* nongchung_iOS.app */,
				4C0EA56A20E86CFB00CB70ED /* nongchung_iOSTests.xctest */,
				4C0EA57520E86CFB00CB70ED /* nongchung_iOSUITests.xctest */,
			);
			name = Products;
			sourceTree = "<group>";
		};
		4C0EA55520E86CF900CB70ED /* nongchung_iOS */ = {
			isa = PBXGroup;
			children = (
				4C0EA56520E86CFB00CB70ED /* Info.plist */,
				4C0EA56020E86CFB00CB70ED /* Assets.xcassets */,
				4C0EA55620E86CF900CB70ED /* AppDelegate.swift */,
				4C0EA59520E8714C00CB70ED /* Extension.swift */,
				4C0EA58B20E86E8C00CB70ED /* Protocol */,
				BA43D3C820E88C3200786D4E /* Service */,
				4C0EA58A20E86E1D00CB70ED /* VO */,
				4C0EA58920E86E1300CB70ED /* Model */,
				4C0EA58820E86E0D00CB70ED /* ViewController */,
				4C0EA58720E86E0700CB70ED /* Storyboard */,
				4C0EA55D20E86CF900CB70ED /* nongchung_iOS.xcdatamodeld */,
			);
			path = nongchung_iOS;
			sourceTree = "<group>";
		};
		4C0EA56D20E86CFB00CB70ED /* nongchung_iOSTests */ = {
			isa = PBXGroup;
			children = (
				4C0EA56E20E86CFB00CB70ED /* nongchung_iOSTests.swift */,
				4C0EA57020E86CFB00CB70ED /* Info.plist */,
			);
			path = nongchung_iOSTests;
			sourceTree = "<group>";
		};
		4C0EA57820E86CFB00CB70ED /* nongchung_iOSUITests */ = {
			isa = PBXGroup;
			children = (
				4C0EA57920E86CFB00CB70ED /* nongchung_iOSUITests.swift */,
				4C0EA57B20E86CFB00CB70ED /* Info.plist */,
			);
			path = nongchung_iOSUITests;
			sourceTree = "<group>";
		};
		4C0EA58720E86E0700CB70ED /* Storyboard */ = {
			isa = PBXGroup;
			children = (
				4C0EA56220E86CFB00CB70ED /* LaunchScreen.storyboard */,
				4C0EA59020E86F2D00CB70ED /* Login.storyboard */,
				4C0EA55A20E86CF900CB70ED /* Main.storyboard */,
			);
			path = Storyboard;
			sourceTree = "<group>";
		};
		4C0EA58820E86E0D00CB70ED /* ViewController */ = {
			isa = PBXGroup;
			children = (
				BA43D3B520E8860C00786D4E /* Main */,
				4C0EA59F20E8798900CB70ED /* Join */,
				4C0EA59220E86F8F00CB70ED /* Login */,
			);
			path = ViewController;
			sourceTree = "<group>";
		};
		4C0EA58920E86E1300CB70ED /* Model */ = {
			isa = PBXGroup;
			children = (
				4C0EA58E20E86EBF00CB70ED /* NetworkModel.swift */,
				4C98B4B320EA1F370038866E /* Join */,
				4C0EA59720E8724400CB70ED /* Login */,
			);
			path = Model;
			sourceTree = "<group>";
		};
		4C0EA58A20E86E1D00CB70ED /* VO */ = {
			isa = PBXGroup;
			children = (
				4C98B4B720EA1F930038866E /* Join */,
				4C0EA59A20E873AB00CB70ED /* Login */,
				BA43D3BC20E8874100786D4E /* Main */,
			);
			path = VO;
			sourceTree = "<group>";
		};
		4C0EA58B20E86E8C00CB70ED /* Protocol */ = {
			isa = PBXGroup;
			children = (
				4C0EA58C20E86EAA00CB70ED /* NetworkCallback.swift */,
			);
			path = Protocol;
			sourceTree = "<group>";
		};
		4C0EA59220E86F8F00CB70ED /* Login */ = {
			isa = PBXGroup;
			children = (
				4C0EA59320E86FA300CB70ED /* LoginVC.swift */,
			);
			path = Login;
			sourceTree = "<group>";
		};
		4C0EA59720E8724400CB70ED /* Login */ = {
			isa = PBXGroup;
			children = (
				BA43D3BF20E8887700786D4E /* LoginModel.swift */,
			);
			path = Login;
			sourceTree = "<group>";
		};
		4C0EA59A20E873AB00CB70ED /* Login */ = {
			isa = PBXGroup;
			children = (
				4C0EA59D20E873E800CB70ED /* LoginVO.swift */,
			);
			path = Login;
			sourceTree = "<group>";
		};
		4C0EA59F20E8798900CB70ED /* Join */ = {
			isa = PBXGroup;
			children = (
				4C0EA5A020E8799600CB70ED /* JoinVC.swift */,
				4C98B4B020EA1F180038866E /* JoinVC2.swift */,
			);
			path = Join;
			sourceTree = "<group>";
		};
		4C98B4B320EA1F370038866E /* Join */ = {
			isa = PBXGroup;
			children = (
				4C98B4B220EA1F370038866E /* JoinModel.swift */,
			);
			path = Join;
			sourceTree = "<group>";
		};
		4C98B4B720EA1F930038866E /* Join */ = {
			isa = PBXGroup;
			children = (
				4C98B4B820EA1F930038866E /* DuplicateVO.swift */,
			);
			name = Join;
			path = ../../../../nongchung_ios/nongchung_iOS/VO/Join;
			sourceTree = "<group>";
		};
		4C98B4C120EA32230038866E /* Search */ = {
			isa = PBXGroup;
			children = (
				4C98B4C220EA323E0038866E /* SearchViewController.swift */,
			);
			path = Search;
			sourceTree = "<group>";
		};
		4C98B4C620EA45F20038866E /* CollectionViewCell */ = {
			isa = PBXGroup;
			children = (
				4C98B4C720EA45F20038866E /* AdCollectionViewCell.swift */,
				4C98B4C820EA45F20038866E /* ThemeCollectionViewCell.swift */,
				4C98B4C920EA45F20038866E /* PopFarmCollectionViewCell.swift */,
				4C98B4CA20EA45F20038866E /* NewCollectionViewCell.swift */,
				4C98B4CB20EA45F20038866E /* PopularListCollectionViewCell.swift */,
			);
			name = CollectionViewCell;
			path = "../../../../../Downloads/nongchung_ios 3/nongchung_iOS/ViewController/Main/CollectionViewCell";
			sourceTree = "<group>";
		};
		4C98B4CC20EA45F20038866E /* TableViewCell */ = {
			isa = PBXGroup;
			children = (
				4C98B4CD20EA45F20038866E /* PopularListTableViewCell.swift */,
				4C98B4CE20EA45F20038866E /* ThemeTableViewCell.swift */,
				4C98B4CF20EA45F20038866E /* PopFarmTableViewCell.swift */,
				4C98B4D020EA45F20038866E /* NewTableViewCell.swift */,
				4C98B4D120EA45F20038866E /* AdTableViewCell.swift */,
			);
			name = TableViewCell;
			path = "../../../../../Downloads/nongchung_ios 3/nongchung_iOS/ViewController/Main/TableViewCell";
			sourceTree = "<group>";
		};
		BA43D3B520E8860C00786D4E /* Main */ = {
			isa = PBXGroup;
			children = (
				4C98B4BF20EA29550038866E /* TabBarController.swift */,
				BA84841820E904B800BC706E /* MainViewController.swift */,
				4C98B4C620EA45F20038866E /* CollectionViewCell */,
				4C98B4CC20EA45F20038866E /* TableViewCell */,
				4C98B4C120EA32230038866E /* Search */,
			);
			path = Main;
			sourceTree = "<group>";
		};
		BA43D3BC20E8874100786D4E /* Main */ = {
			isa = PBXGroup;
			children = (
				BA43D3C120E8891400786D4E /* MainData.swift */,
				BA43D3C320E889F800786D4E /* MainAds.swift */,
				BA43D3C520E88A3500786D4E /* Main.swift */,
			);
			path = Main;
			sourceTree = "<group>";
		};
		BA43D3C820E88C3200786D4E /* Service */ = {
			isa = PBXGroup;
			children = (
				BA43D3CB20E88C7500786D4E /* Main */,
				BA43D3CC20E88C8900786D4E /* APIService.swift */,
			);
			path = Service;
			sourceTree = "<group>";
		};
		BA43D3CB20E88C7500786D4E /* Main */ = {
			isa = PBXGroup;
			children = (
				BA43D3C920E88C5700786D4E /* MainService.swift */,
			);
			path = Main;
			sourceTree = "<group>";
		};
		DD771848812C4538A059763D /* Pods */ = {
			isa = PBXGroup;
			children = (
				B7A35EBADD9F3D422CA302FC /* Pods-nongchung_iOS.debug.xcconfig */,
				8EC82056829108DFFEB305CA /* Pods-nongchung_iOS.release.xcconfig */,
				AFDB1874698645CEEEDF8383 /* Pods-nongchung_iOSTests.debug.xcconfig */,
				703D2453D691E76992FDE4D9 /* Pods-nongchung_iOSTests.release.xcconfig */,
				12FFCED4A923AECB29D0539F /* Pods-nongchung_iOSUITests.debug.xcconfig */,
				F8DA959C4CA0C40CBF0705E0 /* Pods-nongchung_iOSUITests.release.xcconfig */,
			);
			name = Pods;
			sourceTree = "<group>";
		};
/* End PBXGroup section */

/* Begin PBXNativeTarget section */
		4C0EA55220E86CF900CB70ED /* nongchung_iOS */ = {
			isa = PBXNativeTarget;
			buildConfigurationList = 4C0EA57E20E86CFB00CB70ED /* Build configuration list for PBXNativeTarget "nongchung_iOS" */;
			buildPhases = (
				3630ED7543275FC39F7A14FD /* [CP] Check Pods Manifest.lock */,
				4C0EA54F20E86CF900CB70ED /* Sources */,
				4C0EA55020E86CF900CB70ED /* Frameworks */,
				4C0EA55120E86CF900CB70ED /* Resources */,
				720FE90B1497C471C5515FDF /* [CP] Embed Pods Frameworks */,
			);
			buildRules = (
			);
			dependencies = (
			);
			name = nongchung_iOS;
			productName = nongchung_iOS;
			productReference = 4C0EA55320E86CF900CB70ED /* nongchung_iOS.app */;
			productType = "com.apple.product-type.application";
		};
		4C0EA56920E86CFB00CB70ED /* nongchung_iOSTests */ = {
			isa = PBXNativeTarget;
			buildConfigurationList = 4C0EA58120E86CFB00CB70ED /* Build configuration list for PBXNativeTarget "nongchung_iOSTests" */;
			buildPhases = (
				ED7F53E0862710B059D22B68 /* [CP] Check Pods Manifest.lock */,
				4C0EA56620E86CFB00CB70ED /* Sources */,
				4C0EA56720E86CFB00CB70ED /* Frameworks */,
				4C0EA56820E86CFB00CB70ED /* Resources */,
			);
			buildRules = (
			);
			dependencies = (
				4C0EA56C20E86CFB00CB70ED /* PBXTargetDependency */,
			);
			name = nongchung_iOSTests;
			productName = nongchung_iOSTests;
			productReference = 4C0EA56A20E86CFB00CB70ED /* nongchung_iOSTests.xctest */;
			productType = "com.apple.product-type.bundle.unit-test";
		};
		4C0EA57420E86CFB00CB70ED /* nongchung_iOSUITests */ = {
			isa = PBXNativeTarget;
			buildConfigurationList = 4C0EA58420E86CFB00CB70ED /* Build configuration list for PBXNativeTarget "nongchung_iOSUITests" */;
			buildPhases = (
				4A86015FCB7BE05D025C9348 /* [CP] Check Pods Manifest.lock */,
				4C0EA57120E86CFB00CB70ED /* Sources */,
				4C0EA57220E86CFB00CB70ED /* Frameworks */,
				4C0EA57320E86CFB00CB70ED /* Resources */,
			);
			buildRules = (
			);
			dependencies = (
				4C0EA57720E86CFB00CB70ED /* PBXTargetDependency */,
			);
			name = nongchung_iOSUITests;
			productName = nongchung_iOSUITests;
			productReference = 4C0EA57520E86CFB00CB70ED /* nongchung_iOSUITests.xctest */;
			productType = "com.apple.product-type.bundle.ui-testing";
		};
/* End PBXNativeTarget section */

/* Begin PBXProject section */
		4C0EA54B20E86CF900CB70ED /* Project object */ = {
			isa = PBXProject;
			attributes = {
				LastSwiftUpdateCheck = 0940;
				LastUpgradeCheck = 0940;
				ORGANIZATIONNAME = "농활청춘";
				TargetAttributes = {
					4C0EA55220E86CF900CB70ED = {
						CreatedOnToolsVersion = 9.4.1;
						LastSwiftMigration = 0940;
					};
					4C0EA56920E86CFB00CB70ED = {
						CreatedOnToolsVersion = 9.4.1;
						TestTargetID = 4C0EA55220E86CF900CB70ED;
					};
					4C0EA57420E86CFB00CB70ED = {
						CreatedOnToolsVersion = 9.4.1;
						TestTargetID = 4C0EA55220E86CF900CB70ED;
					};
				};
			};
			buildConfigurationList = 4C0EA54E20E86CF900CB70ED /* Build configuration list for PBXProject "nongchung_iOS" */;
			compatibilityVersion = "Xcode 9.3";
			developmentRegion = en;
			hasScannedForEncodings = 0;
			knownRegions = (
				en,
				Base,
			);
			mainGroup = 4C0EA54A20E86CF900CB70ED;
			productRefGroup = 4C0EA55420E86CF900CB70ED /* Products */;
			projectDirPath = "";
			projectRoot = "";
			targets = (
				4C0EA55220E86CF900CB70ED /* nongchung_iOS */,
				4C0EA56920E86CFB00CB70ED /* nongchung_iOSTests */,
				4C0EA57420E86CFB00CB70ED /* nongchung_iOSUITests */,
			);
		};
/* End PBXProject section */

/* Begin PBXResourcesBuildPhase section */
		4C0EA55120E86CF900CB70ED /* Resources */ = {
			isa = PBXResourcesBuildPhase;
			buildActionMask = 2147483647;
			files = (
				4C0EA59120E86F2D00CB70ED /* Login.storyboard in Resources */,
				4C0EA56420E86CFB00CB70ED /* LaunchScreen.storyboard in Resources */,
				4C0EA56120E86CFB00CB70ED /* Assets.xcassets in Resources */,
				4C0EA55C20E86CF900CB70ED /* Main.storyboard in Resources */,
			);
			runOnlyForDeploymentPostprocessing = 0;
		};
		4C0EA56820E86CFB00CB70ED /* Resources */ = {
			isa = PBXResourcesBuildPhase;
			buildActionMask = 2147483647;
			files = (
			);
			runOnlyForDeploymentPostprocessing = 0;
		};
		4C0EA57320E86CFB00CB70ED /* Resources */ = {
			isa = PBXResourcesBuildPhase;
			buildActionMask = 2147483647;
			files = (
			);
			runOnlyForDeploymentPostprocessing = 0;
		};
/* End PBXResourcesBuildPhase section */

/* Begin PBXShellScriptBuildPhase section */
		3630ED7543275FC39F7A14FD /* [CP] Check Pods Manifest.lock */ = {
			isa = PBXShellScriptBuildPhase;
			buildActionMask = 2147483647;
			files = (
			);
			inputPaths = (
				"${PODS_PODFILE_DIR_PATH}/Podfile.lock",
				"${PODS_ROOT}/Manifest.lock",
			);
			name = "[CP] Check Pods Manifest.lock";
			outputPaths = (
				"$(DERIVED_FILE_DIR)/Pods-nongchung_iOS-checkManifestLockResult.txt",
			);
			runOnlyForDeploymentPostprocessing = 0;
			shellPath = /bin/sh;
			shellScript = "diff \"${PODS_PODFILE_DIR_PATH}/Podfile.lock\" \"${PODS_ROOT}/Manifest.lock\" > /dev/null\nif [ $? != 0 ] ; then\n    # print error to STDERR\n    echo \"error: The sandbox is not in sync with the Podfile.lock. Run 'pod install' or update your CocoaPods installation.\" >&2\n    exit 1\nfi\n# This output is used by Xcode 'outputs' to avoid re-running this script phase.\necho \"SUCCESS\" > \"${SCRIPT_OUTPUT_FILE_0}\"\n";
			showEnvVarsInLog = 0;
		};
		4A86015FCB7BE05D025C9348 /* [CP] Check Pods Manifest.lock */ = {
			isa = PBXShellScriptBuildPhase;
			buildActionMask = 2147483647;
			files = (
			);
			inputPaths = (
				"${PODS_PODFILE_DIR_PATH}/Podfile.lock",
				"${PODS_ROOT}/Manifest.lock",
			);
			name = "[CP] Check Pods Manifest.lock";
			outputPaths = (
				"$(DERIVED_FILE_DIR)/Pods-nongchung_iOSUITests-checkManifestLockResult.txt",
			);
			runOnlyForDeploymentPostprocessing = 0;
			shellPath = /bin/sh;
			shellScript = "diff \"${PODS_PODFILE_DIR_PATH}/Podfile.lock\" \"${PODS_ROOT}/Manifest.lock\" > /dev/null\nif [ $? != 0 ] ; then\n    # print error to STDERR\n    echo \"error: The sandbox is not in sync with the Podfile.lock. Run 'pod install' or update your CocoaPods installation.\" >&2\n    exit 1\nfi\n# This output is used by Xcode 'outputs' to avoid re-running this script phase.\necho \"SUCCESS\" > \"${SCRIPT_OUTPUT_FILE_0}\"\n";
			showEnvVarsInLog = 0;
		};
		720FE90B1497C471C5515FDF /* [CP] Embed Pods Frameworks */ = {
			isa = PBXShellScriptBuildPhase;
			buildActionMask = 2147483647;
			files = (
			);
			inputPaths = (
				"${SRCROOT}/Pods/Target Support Files/Pods-nongchung_iOS/Pods-nongchung_iOS-frameworks.sh",
				"${BUILT_PRODUCTS_DIR}/Alamofire/Alamofire.framework",
				"${BUILT_PRODUCTS_DIR}/AlamofireObjectMapper/AlamofireObjectMapper.framework",
				"${BUILT_PRODUCTS_DIR}/Kingfisher/Kingfisher.framework",
				"${BUILT_PRODUCTS_DIR}/ObjectMapper/ObjectMapper.framework",
				"${BUILT_PRODUCTS_DIR}/SwiftyJSON/SwiftyJSON.framework",
			);
			name = "[CP] Embed Pods Frameworks";
			outputPaths = (
				"${TARGET_BUILD_DIR}/${FRAMEWORKS_FOLDER_PATH}/Alamofire.framework",
				"${TARGET_BUILD_DIR}/${FRAMEWORKS_FOLDER_PATH}/AlamofireObjectMapper.framework",
				"${TARGET_BUILD_DIR}/${FRAMEWORKS_FOLDER_PATH}/Kingfisher.framework",
				"${TARGET_BUILD_DIR}/${FRAMEWORKS_FOLDER_PATH}/ObjectMapper.framework",
				"${TARGET_BUILD_DIR}/${FRAMEWORKS_FOLDER_PATH}/SwiftyJSON.framework",
			);
			runOnlyForDeploymentPostprocessing = 0;
			shellPath = /bin/sh;
			shellScript = "\"${SRCROOT}/Pods/Target Support Files/Pods-nongchung_iOS/Pods-nongchung_iOS-frameworks.sh\"\n";
			showEnvVarsInLog = 0;
		};
		ED7F53E0862710B059D22B68 /* [CP] Check Pods Manifest.lock */ = {
			isa = PBXShellScriptBuildPhase;
			buildActionMask = 2147483647;
			files = (
			);
			inputPaths = (
				"${PODS_PODFILE_DIR_PATH}/Podfile.lock",
				"${PODS_ROOT}/Manifest.lock",
			);
			name = "[CP] Check Pods Manifest.lock";
			outputPaths = (
				"$(DERIVED_FILE_DIR)/Pods-nongchung_iOSTests-checkManifestLockResult.txt",
			);
			runOnlyForDeploymentPostprocessing = 0;
			shellPath = /bin/sh;
			shellScript = "diff \"${PODS_PODFILE_DIR_PATH}/Podfile.lock\" \"${PODS_ROOT}/Manifest.lock\" > /dev/null\nif [ $? != 0 ] ; then\n    # print error to STDERR\n    echo \"error: The sandbox is not in sync with the Podfile.lock. Run 'pod install' or update your CocoaPods installation.\" >&2\n    exit 1\nfi\n# This output is used by Xcode 'outputs' to avoid re-running this script phase.\necho \"SUCCESS\" > \"${SCRIPT_OUTPUT_FILE_0}\"\n";
			showEnvVarsInLog = 0;
		};
/* End PBXShellScriptBuildPhase section */

/* Begin PBXSourcesBuildPhase section */
		4C0EA54F20E86CF900CB70ED /* Sources */ = {
			isa = PBXSourcesBuildPhase;
			buildActionMask = 2147483647;
			files = (
				4C98B4D820EA45F30038866E /* ThemeTableViewCell.swift in Sources */,
				4C98B4C320EA323E0038866E /* SearchViewController.swift in Sources */,
				BA84841920E904B800BC706E /* MainViewController.swift in Sources */,
				BA43D3C020E8887700786D4E /* LoginModel.swift in Sources */,
				4C0EA55F20E86CF900CB70ED /* nongchung_iOS.xcdatamodeld in Sources */,
				4C98B4D320EA45F30038866E /* ThemeCollectionViewCell.swift in Sources */,
				4C98B4DA20EA45F30038866E /* NewTableViewCell.swift in Sources */,
				4C0EA59620E8714C00CB70ED /* Extension.swift in Sources */,
				4C98B4B520EA1F370038866E /* JoinModel.swift in Sources */,
				BA43D3C220E8891400786D4E /* MainData.swift in Sources */,
				4C98B4D920EA45F30038866E /* PopFarmTableViewCell.swift in Sources */,
				4C0EA59420E86FA300CB70ED /* LoginVC.swift in Sources */,
				BA43D3CA20E88C5700786D4E /* MainService.swift in Sources */,
				4C0EA5A120E8799600CB70ED /* JoinVC.swift in Sources */,
				BA43D3C620E88A3500786D4E /* Main.swift in Sources */,
				4C0EA55720E86CF900CB70ED /* AppDelegate.swift in Sources */,
				4C98B4D720EA45F30038866E /* PopularListTableViewCell.swift in Sources */,
				4C98B4D220EA45F30038866E /* AdCollectionViewCell.swift in Sources */,
				4C0EA59E20E873E800CB70ED /* LoginVO.swift in Sources */,
				4C98B4D520EA45F30038866E /* NewCollectionViewCell.swift in Sources */,
				4C98B4D620EA45F30038866E /* PopularListCollectionViewCell.swift in Sources */,
				4C0EA58F20E86EBF00CB70ED /* NetworkModel.swift in Sources */,
				BA43D3C420E889F800786D4E /* MainAds.swift in Sources */,
				4C98B4C020EA29550038866E /* TabBarController.swift in Sources */,
				4C98B4DB20EA45F30038866E /* AdTableViewCell.swift in Sources */,
				4C98B4B120EA1F180038866E /* JoinVC2.swift in Sources */,
				4C98B4D420EA45F30038866E /* PopFarmCollectionViewCell.swift in Sources */,
				BA43D3CD20E88C8900786D4E /* APIService.swift in Sources */,
				4C98B4B920EA1F940038866E /* DuplicateVO.swift in Sources */,
				4C0EA58D20E86EAA00CB70ED /* NetworkCallback.swift in Sources */,
			);
			runOnlyForDeploymentPostprocessing = 0;
		};
		4C0EA56620E86CFB00CB70ED /* Sources */ = {
			isa = PBXSourcesBuildPhase;
			buildActionMask = 2147483647;
			files = (
				4C0EA56F20E86CFB00CB70ED /* nongchung_iOSTests.swift in Sources */,
			);
			runOnlyForDeploymentPostprocessing = 0;
		};
		4C0EA57120E86CFB00CB70ED /* Sources */ = {
			isa = PBXSourcesBuildPhase;
			buildActionMask = 2147483647;
			files = (
				4C0EA57A20E86CFB00CB70ED /* nongchung_iOSUITests.swift in Sources */,
			);
			runOnlyForDeploymentPostprocessing = 0;
		};
/* End PBXSourcesBuildPhase section */

/* Begin PBXTargetDependency section */
		4C0EA56C20E86CFB00CB70ED /* PBXTargetDependency */ = {
			isa = PBXTargetDependency;
			target = 4C0EA55220E86CF900CB70ED /* nongchung_iOS */;
			targetProxy = 4C0EA56B20E86CFB00CB70ED /* PBXContainerItemProxy */;
		};
		4C0EA57720E86CFB00CB70ED /* PBXTargetDependency */ = {
			isa = PBXTargetDependency;
			target = 4C0EA55220E86CF900CB70ED /* nongchung_iOS */;
			targetProxy = 4C0EA57620E86CFB00CB70ED /* PBXContainerItemProxy */;
		};
/* End PBXTargetDependency section */

/* Begin PBXVariantGroup section */
		4C0EA55A20E86CF900CB70ED /* Main.storyboard */ = {
			isa = PBXVariantGroup;
			children = (
				4C0EA55B20E86CF900CB70ED /* Base */,
			);
			name = Main.storyboard;
			sourceTree = "<group>";
		};
		4C0EA56220E86CFB00CB70ED /* LaunchScreen.storyboard */ = {
			isa = PBXVariantGroup;
			children = (
				4C0EA56320E86CFB00CB70ED /* Base */,
			);
			name = LaunchScreen.storyboard;
			sourceTree = "<group>";
		};
/* End PBXVariantGroup section */

/* Begin XCBuildConfiguration section */
		4C0EA57C20E86CFB00CB70ED /* Debug */ = {
			isa = XCBuildConfiguration;
			buildSettings = {
				ALWAYS_SEARCH_USER_PATHS = NO;
				CLANG_ANALYZER_NONNULL = YES;
				CLANG_ANALYZER_NUMBER_OBJECT_CONVERSION = YES_AGGRESSIVE;
				CLANG_CXX_LANGUAGE_STANDARD = "gnu++14";
				CLANG_CXX_LIBRARY = "libc++";
				CLANG_ENABLE_MODULES = YES;
				CLANG_ENABLE_OBJC_ARC = YES;
				CLANG_ENABLE_OBJC_WEAK = YES;
				CLANG_WARN_BLOCK_CAPTURE_AUTORELEASING = YES;
				CLANG_WARN_BOOL_CONVERSION = YES;
				CLANG_WARN_COMMA = YES;
				CLANG_WARN_CONSTANT_CONVERSION = YES;
				CLANG_WARN_DEPRECATED_OBJC_IMPLEMENTATIONS = YES;
				CLANG_WARN_DIRECT_OBJC_ISA_USAGE = YES_ERROR;
				CLANG_WARN_DOCUMENTATION_COMMENTS = YES;
				CLANG_WARN_EMPTY_BODY = YES;
				CLANG_WARN_ENUM_CONVERSION = YES;
				CLANG_WARN_INFINITE_RECURSION = YES;
				CLANG_WARN_INT_CONVERSION = YES;
				CLANG_WARN_NON_LITERAL_NULL_CONVERSION = YES;
				CLANG_WARN_OBJC_IMPLICIT_RETAIN_SELF = YES;
				CLANG_WARN_OBJC_LITERAL_CONVERSION = YES;
				CLANG_WARN_OBJC_ROOT_CLASS = YES_ERROR;
				CLANG_WARN_RANGE_LOOP_ANALYSIS = YES;
				CLANG_WARN_STRICT_PROTOTYPES = YES;
				CLANG_WARN_SUSPICIOUS_MOVE = YES;
				CLANG_WARN_UNGUARDED_AVAILABILITY = YES_AGGRESSIVE;
				CLANG_WARN_UNREACHABLE_CODE = YES;
				CLANG_WARN__DUPLICATE_METHOD_MATCH = YES;
				CODE_SIGN_IDENTITY = "iPhone Developer";
				COPY_PHASE_STRIP = NO;
				DEBUG_INFORMATION_FORMAT = dwarf;
				ENABLE_STRICT_OBJC_MSGSEND = YES;
				ENABLE_TESTABILITY = YES;
				GCC_C_LANGUAGE_STANDARD = gnu11;
				GCC_DYNAMIC_NO_PIC = NO;
				GCC_NO_COMMON_BLOCKS = YES;
				GCC_OPTIMIZATION_LEVEL = 0;
				GCC_PREPROCESSOR_DEFINITIONS = (
					"DEBUG=1",
					"$(inherited)",
				);
				GCC_WARN_64_TO_32_BIT_CONVERSION = YES;
				GCC_WARN_ABOUT_RETURN_TYPE = YES_ERROR;
				GCC_WARN_UNDECLARED_SELECTOR = YES;
				GCC_WARN_UNINITIALIZED_AUTOS = YES_AGGRESSIVE;
				GCC_WARN_UNUSED_FUNCTION = YES;
				GCC_WARN_UNUSED_VARIABLE = YES;
				IPHONEOS_DEPLOYMENT_TARGET = 11.4;
				MTL_ENABLE_DEBUG_INFO = YES;
				ONLY_ACTIVE_ARCH = YES;
				SDKROOT = iphoneos;
				SWIFT_ACTIVE_COMPILATION_CONDITIONS = DEBUG;
				SWIFT_OPTIMIZATION_LEVEL = "-Onone";
			};
			name = Debug;
		};
		4C0EA57D20E86CFB00CB70ED /* Release */ = {
			isa = XCBuildConfiguration;
			buildSettings = {
				ALWAYS_SEARCH_USER_PATHS = NO;
				CLANG_ANALYZER_NONNULL = YES;
				CLANG_ANALYZER_NUMBER_OBJECT_CONVERSION = YES_AGGRESSIVE;
				CLANG_CXX_LANGUAGE_STANDARD = "gnu++14";
				CLANG_CXX_LIBRARY = "libc++";
				CLANG_ENABLE_MODULES = YES;
				CLANG_ENABLE_OBJC_ARC = YES;
				CLANG_ENABLE_OBJC_WEAK = YES;
				CLANG_WARN_BLOCK_CAPTURE_AUTORELEASING = YES;
				CLANG_WARN_BOOL_CONVERSION = YES;
				CLANG_WARN_COMMA = YES;
				CLANG_WARN_CONSTANT_CONVERSION = YES;
				CLANG_WARN_DEPRECATED_OBJC_IMPLEMENTATIONS = YES;
				CLANG_WARN_DIRECT_OBJC_ISA_USAGE = YES_ERROR;
				CLANG_WARN_DOCUMENTATION_COMMENTS = YES;
				CLANG_WARN_EMPTY_BODY = YES;
				CLANG_WARN_ENUM_CONVERSION = YES;
				CLANG_WARN_INFINITE_RECURSION = YES;
				CLANG_WARN_INT_CONVERSION = YES;
				CLANG_WARN_NON_LITERAL_NULL_CONVERSION = YES;
				CLANG_WARN_OBJC_IMPLICIT_RETAIN_SELF = YES;
				CLANG_WARN_OBJC_LITERAL_CONVERSION = YES;
				CLANG_WARN_OBJC_ROOT_CLASS = YES_ERROR;
				CLANG_WARN_RANGE_LOOP_ANALYSIS = YES;
				CLANG_WARN_STRICT_PROTOTYPES = YES;
				CLANG_WARN_SUSPICIOUS_MOVE = YES;
				CLANG_WARN_UNGUARDED_AVAILABILITY = YES_AGGRESSIVE;
				CLANG_WARN_UNREACHABLE_CODE = YES;
				CLANG_WARN__DUPLICATE_METHOD_MATCH = YES;
				CODE_SIGN_IDENTITY = "iPhone Developer";
				COPY_PHASE_STRIP = NO;
				DEBUG_INFORMATION_FORMAT = "dwarf-with-dsym";
				ENABLE_NS_ASSERTIONS = NO;
				ENABLE_STRICT_OBJC_MSGSEND = YES;
				GCC_C_LANGUAGE_STANDARD = gnu11;
				GCC_NO_COMMON_BLOCKS = YES;
				GCC_WARN_64_TO_32_BIT_CONVERSION = YES;
				GCC_WARN_ABOUT_RETURN_TYPE = YES_ERROR;
				GCC_WARN_UNDECLARED_SELECTOR = YES;
				GCC_WARN_UNINITIALIZED_AUTOS = YES_AGGRESSIVE;
				GCC_WARN_UNUSED_FUNCTION = YES;
				GCC_WARN_UNUSED_VARIABLE = YES;
				IPHONEOS_DEPLOYMENT_TARGET = 11.4;
				MTL_ENABLE_DEBUG_INFO = NO;
				SDKROOT = iphoneos;
				SWIFT_COMPILATION_MODE = wholemodule;
				SWIFT_OPTIMIZATION_LEVEL = "-O";
				VALIDATE_PRODUCT = YES;
			};
			name = Release;
		};
		4C0EA57F20E86CFB00CB70ED /* Debug */ = {
			isa = XCBuildConfiguration;
			baseConfigurationReference = B7A35EBADD9F3D422CA302FC /* Pods-nongchung_iOS.debug.xcconfig */;
			buildSettings = {
				ASSETCATALOG_COMPILER_APPICON_NAME = AppIcon;
				CLANG_ENABLE_MODULES = YES;
				CODE_SIGN_STYLE = Automatic;
				DEVELOPMENT_TEAM = 86PPC52X64;
				INFOPLIST_FILE = nongchung_iOS/Info.plist;
				IPHONEOS_DEPLOYMENT_TARGET = 11.0;
				LD_RUNPATH_SEARCH_PATHS = (
					"$(inherited)",
					"@executable_path/Frameworks",
				);
				PRODUCT_BUNDLE_IDENTIFIER = "com.nongchung.nongchung-iOS";
				PRODUCT_NAME = "$(TARGET_NAME)";
				SWIFT_OPTIMIZATION_LEVEL = "-Onone";
				SWIFT_VERSION = 4.0;
				TARGETED_DEVICE_FAMILY = "1,2";
			};
			name = Debug;
		};
		4C0EA58020E86CFB00CB70ED /* Release */ = {
			isa = XCBuildConfiguration;
			baseConfigurationReference = 8EC82056829108DFFEB305CA /* Pods-nongchung_iOS.release.xcconfig */;
			buildSettings = {
				ASSETCATALOG_COMPILER_APPICON_NAME = AppIcon;
				CLANG_ENABLE_MODULES = YES;
				CODE_SIGN_STYLE = Automatic;
				DEVELOPMENT_TEAM = 86PPC52X64;
				INFOPLIST_FILE = nongchung_iOS/Info.plist;
				IPHONEOS_DEPLOYMENT_TARGET = 11.0;
				LD_RUNPATH_SEARCH_PATHS = (
					"$(inherited)",
					"@executable_path/Frameworks",
				);
				PRODUCT_BUNDLE_IDENTIFIER = "com.nongchung.nongchung-iOS";
				PRODUCT_NAME = "$(TARGET_NAME)";
				SWIFT_VERSION = 4.0;
				TARGETED_DEVICE_FAMILY = "1,2";
			};
			name = Release;
		};
		4C0EA58220E86CFB00CB70ED /* Debug */ = {
			isa = XCBuildConfiguration;
			baseConfigurationReference = AFDB1874698645CEEEDF8383 /* Pods-nongchung_iOSTests.debug.xcconfig */;
			buildSettings = {
				ALWAYS_EMBED_SWIFT_STANDARD_LIBRARIES = YES;
				BUNDLE_LOADER = "$(TEST_HOST)";
				CODE_SIGN_STYLE = Automatic;
				DEVELOPMENT_TEAM = 86PPC52X64;
				INFOPLIST_FILE = nongchung_iOSTests/Info.plist;
				LD_RUNPATH_SEARCH_PATHS = (
					"$(inherited)",
					"@executable_path/Frameworks",
					"@loader_path/Frameworks",
				);
				PRODUCT_BUNDLE_IDENTIFIER = "com.nongchung.nongchung-iOSTests";
				PRODUCT_NAME = "$(TARGET_NAME)";
				SWIFT_VERSION = 4.0;
				TARGETED_DEVICE_FAMILY = "1,2";
				TEST_HOST = "$(BUILT_PRODUCTS_DIR)/nongchung_iOS.app/nongchung_iOS";
			};
			name = Debug;
		};
		4C0EA58320E86CFB00CB70ED /* Release */ = {
			isa = XCBuildConfiguration;
			baseConfigurationReference = 703D2453D691E76992FDE4D9 /* Pods-nongchung_iOSTests.release.xcconfig */;
			buildSettings = {
				ALWAYS_EMBED_SWIFT_STANDARD_LIBRARIES = YES;
				BUNDLE_LOADER = "$(TEST_HOST)";
				CODE_SIGN_STYLE = Automatic;
				DEVELOPMENT_TEAM = 86PPC52X64;
				INFOPLIST_FILE = nongchung_iOSTests/Info.plist;
				LD_RUNPATH_SEARCH_PATHS = (
					"$(inherited)",
					"@executable_path/Frameworks",
					"@loader_path/Frameworks",
				);
				PRODUCT_BUNDLE_IDENTIFIER = "com.nongchung.nongchung-iOSTests";
				PRODUCT_NAME = "$(TARGET_NAME)";
				SWIFT_VERSION = 4.0;
				TARGETED_DEVICE_FAMILY = "1,2";
				TEST_HOST = "$(BUILT_PRODUCTS_DIR)/nongchung_iOS.app/nongchung_iOS";
			};
			name = Release;
		};
		4C0EA58520E86CFB00CB70ED /* Debug */ = {
			isa = XCBuildConfiguration;
			baseConfigurationReference = 12FFCED4A923AECB29D0539F /* Pods-nongchung_iOSUITests.debug.xcconfig */;
			buildSettings = {
				ALWAYS_EMBED_SWIFT_STANDARD_LIBRARIES = YES;
				CODE_SIGN_STYLE = Automatic;
				DEVELOPMENT_TEAM = 86PPC52X64;
				INFOPLIST_FILE = nongchung_iOSUITests/Info.plist;
				LD_RUNPATH_SEARCH_PATHS = (
					"$(inherited)",
					"@executable_path/Frameworks",
					"@loader_path/Frameworks",
				);
				PRODUCT_BUNDLE_IDENTIFIER = "com.nongchung.nongchung-iOSUITests";
				PRODUCT_NAME = "$(TARGET_NAME)";
				SWIFT_VERSION = 4.0;
				TARGETED_DEVICE_FAMILY = "1,2";
				TEST_TARGET_NAME = nongchung_iOS;
			};
			name = Debug;
		};
		4C0EA58620E86CFB00CB70ED /* Release */ = {
			isa = XCBuildConfiguration;
			baseConfigurationReference = F8DA959C4CA0C40CBF0705E0 /* Pods-nongchung_iOSUITests.release.xcconfig */;
			buildSettings = {
				ALWAYS_EMBED_SWIFT_STANDARD_LIBRARIES = YES;
				CODE_SIGN_STYLE = Automatic;
				DEVELOPMENT_TEAM = 86PPC52X64;
				INFOPLIST_FILE = nongchung_iOSUITests/Info.plist;
				LD_RUNPATH_SEARCH_PATHS = (
					"$(inherited)",
					"@executable_path/Frameworks",
					"@loader_path/Frameworks",
				);
				PRODUCT_BUNDLE_IDENTIFIER = "com.nongchung.nongchung-iOSUITests";
				PRODUCT_NAME = "$(TARGET_NAME)";
				SWIFT_VERSION = 4.0;
				TARGETED_DEVICE_FAMILY = "1,2";
				TEST_TARGET_NAME = nongchung_iOS;
			};
			name = Release;
		};
/* End XCBuildConfiguration section */

/* Begin XCConfigurationList section */
		4C0EA54E20E86CF900CB70ED /* Build configuration list for PBXProject "nongchung_iOS" */ = {
			isa = XCConfigurationList;
			buildConfigurations = (
				4C0EA57C20E86CFB00CB70ED /* Debug */,
				4C0EA57D20E86CFB00CB70ED /* Release */,
			);
			defaultConfigurationIsVisible = 0;
			defaultConfigurationName = Release;
		};
		4C0EA57E20E86CFB00CB70ED /* Build configuration list for PBXNativeTarget "nongchung_iOS" */ = {
			isa = XCConfigurationList;
			buildConfigurations = (
				4C0EA57F20E86CFB00CB70ED /* Debug */,
				4C0EA58020E86CFB00CB70ED /* Release */,
			);
			defaultConfigurationIsVisible = 0;
			defaultConfigurationName = Release;
		};
		4C0EA58120E86CFB00CB70ED /* Build configuration list for PBXNativeTarget "nongchung_iOSTests" */ = {
			isa = XCConfigurationList;
			buildConfigurations = (
				4C0EA58220E86CFB00CB70ED /* Debug */,
				4C0EA58320E86CFB00CB70ED /* Release */,
			);
			defaultConfigurationIsVisible = 0;
			defaultConfigurationName = Release;
		};
		4C0EA58420E86CFB00CB70ED /* Build configuration list for PBXNativeTarget "nongchung_iOSUITests" */ = {
			isa = XCConfigurationList;
			buildConfigurations = (
				4C0EA58520E86CFB00CB70ED /* Debug */,
				4C0EA58620E86CFB00CB70ED /* Release */,
			);
			defaultConfigurationIsVisible = 0;
			defaultConfigurationName = Release;
		};
/* End XCConfigurationList section */

/* Begin XCVersionGroup section */
		4C0EA55D20E86CF900CB70ED /* nongchung_iOS.xcdatamodeld */ = {
			isa = XCVersionGroup;
			children = (
				4C0EA55E20E86CF900CB70ED /* nongchung_iOS.xcdatamodel */,
			);
			currentVersion = 4C0EA55E20E86CF900CB70ED /* nongchung_iOS.xcdatamodel */;
			path = nongchung_iOS.xcdatamodeld;
			sourceTree = "<group>";
			versionGroupType = wrapper.xcdatamodel;
		};
/* End XCVersionGroup section */
	};
	rootObject = 4C0EA54B20E86CF900CB70ED /* Project object */;
}
